<?xml version="1.0" encoding="utf-8"?>
<Project ToolsVersion="4.0" xmlns="http://schemas.microsoft.com/developer/msbuild/2003">
  <ItemGroup>
    <Filter Include="Component">
      <UniqueIdentifier>{496d8f5d-ca38-491c-9d6e-d536651bd6db}</UniqueIdentifier>
    </Filter>
    <Filter Include="GameObject">
      <UniqueIdentifier>{799eb68e-e3dc-47ed-b9a5-5207e0905220}</UniqueIdentifier>
    </Filter>
    <Filter Include="Manager">
      <UniqueIdentifier>{e4b3f613-7b4c-46ca-bc54-6e064e531649}</UniqueIdentifier>
    </Filter>
    <Filter Include="Definition">
      <UniqueIdentifier>{c0a5bda7-17ee-451d-81f0-2ce3089dc5d6}</UniqueIdentifier>
    </Filter>
    <Filter Include="Utility">
      <UniqueIdentifier>{efadaeac-5e85-4e69-8e03-ebb993a6049a}</UniqueIdentifier>
    </Filter>
    <Filter Include="GameObject\Mallet">
      <UniqueIdentifier>{2c033b2b-0c3d-4f95-98c5-788d33d8221c}</UniqueIdentifier>
    </Filter>
    <Filter Include="GameObject\Puck">
      <UniqueIdentifier>{dd53753a-04a5-4d6f-b73b-5b59c3aeb288}</UniqueIdentifier>
    </Filter>
  </ItemGroup>
  <ItemGroup>
    <ClCompile Include="Src\Component\Collider.cpp">
      <Filter>Component</Filter>
    </ClCompile>
    <ClCompile Include="Src\GameObject\GameObject.cpp">
      <Filter>GameObject</Filter>
    </ClCompile>
    <ClCompile Include="Src\Manager\TimeManager.cpp">
      <Filter>Manager</Filter>
    </ClCompile>
    <ClCompile Include="Src\main.cpp" />
    <ClCompile Include="Src\Manager\InputManager.cpp">
      <Filter>Manager</Filter>
    </ClCompile>
    <ClCompile Include="Src\Utility\MathUtility.cpp">
      <Filter>Utility</Filter>
    </ClCompile>
    <ClCompile Include="Src\Manager\CollisionManager.cpp">
      <Filter>Manager</Filter>
    </ClCompile>
    <ClCompile Include="Src\GameObject\Mallet\Mallet.cpp">
      <Filter>GameObject\Mallet</Filter>
    </ClCompile>
    <ClCompile Include="Src\GameObject\Puck\Puck.cpp">
      <Filter>GameObject\Puck</Filter>
    </ClCompile>
    <ClCompile Include="Src\Component\Goal.cpp">
      <Filter>Component</Filter>
    </ClCompile>
  </ItemGroup>
  <ItemGroup>
    <ClInclude Include="Src\Component\Collider.h">
      <Filter>Component</Filter>
    </ClInclude>
    <ClInclude Include="Src\GameObject\GameObject.h">
      <Filter>GameObject</Filter>
    </ClInclude>
    <ClInclude Include="Src\Manager\TimeManager.h">
      <Filter>Manager</Filter>
    </ClInclude>
    <ClInclude Include="Src\Definition\Macros.h">
      <Filter>Definition</Filter>
    </ClInclude>
    <ClInclude Include="Src\Definition\Constants.h">
      <Filter>Definition</Filter>
    </ClInclude>
    <ClInclude Include="Src\Definition\VectorDefines.h">
      <Filter>Definition</Filter>
    </ClInclude>
    <ClInclude Include="Src\Definition\Colors.h">
      <Filter>Definition</Filter>
    </ClInclude>
    <ClInclude Include="Src\Definition\Definition.h">
      <Filter>Definition</Filter>
    </ClInclude>
    <ClInclude Include="Src\Manager\InputManager.h">
      <Filter>Manager</Filter>
    </ClInclude>
    <ClInclude Include="Src\Utility\MathUtility.h">
      <Filter>Utility</Filter>
    </ClInclude>
    <ClInclude Include="Src\Manager\CollisionManager.h">
      <Filter>Manager</Filter>
    </ClInclude>
    <ClInclude Include="Src\GameObject\Mallet\Mallet.h">
      <Filter>GameObject\Mallet</Filter>
    </ClInclude>
    <ClInclude Include="Src\GameObject\Puck\Puck.h">
      <Filter>GameObject\Puck</Filter>
    </ClInclude>
    <ClInclude Include="Src\Component\Goal.h">
      <Filter>Component</Filter>
    </ClInclude>
    <ClInclude Include="Src\Definition\GameDefine.h">
      <Filter>Definition</Filter>
    </ClInclude>
  </ItemGroup>
</Project>